
Microsoft Visual Studio Solution File, Format Version 12.00
# Visual Studio 14
VisualStudioVersion = 14.0.25420.1
MinimumVisualStudioVersion = 10.0.40219.1
Project("{FAE04EC0-301F-11D3-BF4B-00C04F79EFBC}") = "WebAppInMVC", "WebAppInMVC\WebAppInMVC.csproj", "{5F7E8681-798F-4903-BA7F-9BD2DEE3E5F7}"
EndProject
Project("{FAE04EC0-301F-11D3-BF4B-00C04F79EFBC}") = "WebAppInMVC.Tests", "WebAppInMVC.Tests\WebAppInMVC.Tests.csproj", "{BF44ED19-5778-43FC-B87E-C332F39AAFBC}"
EndProject
Global
	GlobalSection(SolutionConfigurationPlatforms) = preSolution
		Debug|Any CPU = Debug|Any CPU
		Release|Any CPU = Release|Any CPU
	EndGlobalSection
	GlobalSection(ProjectConfigurationPlatforms) = postSolution
		{5F7E8681-798F-4903-BA7F-9BD2DEE3E5F7}.Debug|Any CPU.ActiveCfg = Debug|Any CPU
		{5F7E8681-798F-4903-BA7F-9BD2DEE3E5F7}.Debug|Any CPU.Build.0 = Debug|Any CPU
		{5F7E8681-798F-4903-BA7F-9BD2DEE3E5F7}.Release|Any CPU.ActiveCfg = Release|Any CPU
		{5F7E8681-798F-4903-BA7F-9BD2DEE3E5F7}.Release|Any CPU.Build.0 = Release|Any CPU
		{BF44ED19-5778-43FC-B87E-C332F39AAFBC}.Debug|Any CPU.ActiveCfg = Debug|Any CPU
		{BF44ED19-5778-43FC-B87E-C332F39AAFBC}.Debug|Any CPU.Build.0 = Debug|Any CPU
		{BF44ED19-5778-43FC-B87E-C332F39AAFBC}.Release|Any CPU.ActiveCfg = Release|Any CPU
		{BF44ED19-5778-43FC-B87E-C332F39AAFBC}.Release|Any CPU.Build.0 = Release|Any CPU
	EndGlobalSection
	GlobalSection(SolutionProperties) = preSolution
		HideSolutionNode = FALSE
	EndGlobalSection
EndGlobal
